
Microsoft Visual Studio Solution File, Format Version 9.00
# Visual Studio 2005
Project("{8BC9CEB8-8B4A-11D0-8D11-00A0C91BC942}") = "dummy", "dummy.vcproj", "{DC6D6EF3-D30F-4CAE-AF85-5F65DF181DA8}"
	ProjectSection(ProjectDependencies) = postProject
		{D0A00111-EB2C-4440-8D09-7098D144F173} = {D0A00111-EB2C-4440-8D09-7098D144F173}
		{DFEC8E55-DEF3-4982-8102-2ABCA63CEFB6} = {DFEC8E55-DEF3-4982-8102-2ABCA63CEFB6}
		{FB615236-DA12-4927-B63A-C7531F281646} = {FB615236-DA12-4927-B63A-C7531F281646}
		{810EB7AB-69B2-43D4-AEC5-08DDFB910B92} = {810EB7AB-69B2-43D4-AEC5-08DDFB910B92}
		{733EB43F-C2CC-48BB-A100-299A34D1C6AB} = {733EB43F-C2CC-48BB-A100-299A34D1C6AB}
	EndProjectSection
EndProject
Project("{8BC9CEB8-8B4A-11D0-8D11-00A0C91BC942}") = "libsiod", "libsiod.vcproj", "{733EB43F-C2CC-48BB-A100-299A34D1C6AB}"
EndProject
Project("{8BC9CEB8-8B4A-11D0-8D11-00A0C91BC942}") = "parser_pratt", "parser_pratt.vcproj", "{D0A00111-EB2C-4440-8D09-7098D144F173}"
	ProjectSection(ProjectDependencies) = postProject
		{733EB43F-C2CC-48BB-A100-299A34D1C6AB} = {733EB43F-C2CC-48BB-A100-299A34D1C6AB}
	EndProjectSection
EndProject
Project("{8BC9CEB8-8B4A-11D0-8D11-00A0C91BC942}") = "regex", "regex.vcproj", "{DFEC8E55-DEF3-4982-8102-2ABCA63CEFB6}"
	ProjectSection(ProjectDependencies) = postProject
		{733EB43F-C2CC-48BB-A100-299A34D1C6AB} = {733EB43F-C2CC-48BB-A100-299A34D1C6AB}
	EndProjectSection
EndProject
Project("{8BC9CEB8-8B4A-11D0-8D11-00A0C91BC942}") = "siod", "siod.vcproj", "{2073EAD2-4889-4F42-A2D1-6F671ED9335E}"
	ProjectSection(ProjectDependencies) = postProject
		{733EB43F-C2CC-48BB-A100-299A34D1C6AB} = {733EB43F-C2CC-48BB-A100-299A34D1C6AB}
	EndProjectSection
EndProject
Project("{8BC9CEB8-8B4A-11D0-8D11-00A0C91BC942}") = "slibw32", "slibw32.vcproj", "{963DCF4B-58CD-4FE3-A3F8-8D2F3FDFB8C2}"
	ProjectSection(ProjectDependencies) = postProject
		{733EB43F-C2CC-48BB-A100-299A34D1C6AB} = {733EB43F-C2CC-48BB-A100-299A34D1C6AB}
	EndProjectSection
EndProject
Project("{8BC9CEB8-8B4A-11D0-8D11-00A0C91BC942}") = "ss", "ss.vcproj", "{FB615236-DA12-4927-B63A-C7531F281646}"
	ProjectSection(ProjectDependencies) = postProject
		{733EB43F-C2CC-48BB-A100-299A34D1C6AB} = {733EB43F-C2CC-48BB-A100-299A34D1C6AB}
	EndProjectSection
EndProject
Project("{8BC9CEB8-8B4A-11D0-8D11-00A0C91BC942}") = "tar", "tar.vcproj", "{810EB7AB-69B2-43D4-AEC5-08DDFB910B92}"
	ProjectSection(ProjectDependencies) = postProject
		{733EB43F-C2CC-48BB-A100-299A34D1C6AB} = {733EB43F-C2CC-48BB-A100-299A34D1C6AB}
	EndProjectSection
EndProject
Project("{8BC9CEB8-8B4A-11D0-8D11-00A0C91BC942}") = "wcsiod", "wcsiod.vcproj", "{8DA3FB50-A732-4AB7-824D-2137A850DAA4}"
	ProjectSection(ProjectDependencies) = postProject
		{733EB43F-C2CC-48BB-A100-299A34D1C6AB} = {733EB43F-C2CC-48BB-A100-299A34D1C6AB}
	EndProjectSection
EndProject
Project("{8BC9CEB8-8B4A-11D0-8D11-00A0C91BC942}") = "wmsiod", "wmsiod.vcproj", "{49A9B594-B9C6-42CB-8AE3-CDA2511123D2}"
EndProject
Global
	GlobalSection(SolutionConfigurationPlatforms) = preSolution
		Debug|Win32 = Debug|Win32
		Release|Win32 = Release|Win32
	EndGlobalSection
	GlobalSection(ProjectConfigurationPlatforms) = postSolution
		{DC6D6EF3-D30F-4CAE-AF85-5F65DF181DA8}.Debug|Win32.ActiveCfg = Debug|Win32
		{DC6D6EF3-D30F-4CAE-AF85-5F65DF181DA8}.Debug|Win32.Build.0 = Debug|Win32
		{DC6D6EF3-D30F-4CAE-AF85-5F65DF181DA8}.Release|Win32.ActiveCfg = Release|Win32
		{DC6D6EF3-D30F-4CAE-AF85-5F65DF181DA8}.Release|Win32.Build.0 = Release|Win32
		{733EB43F-C2CC-48BB-A100-299A34D1C6AB}.Debug|Win32.ActiveCfg = Debug|Win32
		{733EB43F-C2CC-48BB-A100-299A34D1C6AB}.Debug|Win32.Build.0 = Debug|Win32
		{733EB43F-C2CC-48BB-A100-299A34D1C6AB}.Release|Win32.ActiveCfg = Release|Win32
		{733EB43F-C2CC-48BB-A100-299A34D1C6AB}.Release|Win32.Build.0 = Release|Win32
		{D0A00111-EB2C-4440-8D09-7098D144F173}.Debug|Win32.ActiveCfg = Debug|Win32
		{D0A00111-EB2C-4440-8D09-7098D144F173}.Debug|Win32.Build.0 = Debug|Win32
		{D0A00111-EB2C-4440-8D09-7098D144F173}.Release|Win32.ActiveCfg = Release|Win32
		{D0A00111-EB2C-4440-8D09-7098D144F173}.Release|Win32.Build.0 = Release|Win32
		{DFEC8E55-DEF3-4982-8102-2ABCA63CEFB6}.Debug|Win32.ActiveCfg = Debug|Win32
		{DFEC8E55-DEF3-4982-8102-2ABCA63CEFB6}.Debug|Win32.Build.0 = Debug|Win32
		{DFEC8E55-DEF3-4982-8102-2ABCA63CEFB6}.Release|Win32.ActiveCfg = Release|Win32
		{DFEC8E55-DEF3-4982-8102-2ABCA63CEFB6}.Release|Win32.Build.0 = Release|Win32
		{2073EAD2-4889-4F42-A2D1-6F671ED9335E}.Debug|Win32.ActiveCfg = Debug|Win32
		{2073EAD2-4889-4F42-A2D1-6F671ED9335E}.Debug|Win32.Build.0 = Debug|Win32
		{2073EAD2-4889-4F42-A2D1-6F671ED9335E}.Release|Win32.ActiveCfg = Release|Win32
		{2073EAD2-4889-4F42-A2D1-6F671ED9335E}.Release|Win32.Build.0 = Release|Win32
		{963DCF4B-58CD-4FE3-A3F8-8D2F3FDFB8C2}.Debug|Win32.ActiveCfg = Debug|Win32
		{963DCF4B-58CD-4FE3-A3F8-8D2F3FDFB8C2}.Debug|Win32.Build.0 = Debug|Win32
		{963DCF4B-58CD-4FE3-A3F8-8D2F3FDFB8C2}.Release|Win32.ActiveCfg = Release|Win32
		{963DCF4B-58CD-4FE3-A3F8-8D2F3FDFB8C2}.Release|Win32.Build.0 = Release|Win32
		{FB615236-DA12-4927-B63A-C7531F281646}.Debug|Win32.ActiveCfg = Debug|Win32
		{FB615236-DA12-4927-B63A-C7531F281646}.Debug|Win32.Build.0 = Debug|Win32
		{FB615236-DA12-4927-B63A-C7531F281646}.Release|Win32.ActiveCfg = Release|Win32
		{FB615236-DA12-4927-B63A-C7531F281646}.Release|Win32.Build.0 = Release|Win32
		{810EB7AB-69B2-43D4-AEC5-08DDFB910B92}.Debug|Win32.ActiveCfg = Debug|Win32
		{810EB7AB-69B2-43D4-AEC5-08DDFB910B92}.Debug|Win32.Build.0 = Debug|Win32
		{810EB7AB-69B2-43D4-AEC5-08DDFB910B92}.Release|Win32.ActiveCfg = Release|Win32
		{810EB7AB-69B2-43D4-AEC5-08DDFB910B92}.Release|Win32.Build.0 = Release|Win32
		{8DA3FB50-A732-4AB7-824D-2137A850DAA4}.Debug|Win32.ActiveCfg = Debug|Win32
		{8DA3FB50-A732-4AB7-824D-2137A850DAA4}.Debug|Win32.Build.0 = Debug|Win32
		{8DA3FB50-A732-4AB7-824D-2137A850DAA4}.Release|Win32.ActiveCfg = Release|Win32
		{8DA3FB50-A732-4AB7-824D-2137A850DAA4}.Release|Win32.Build.0 = Release|Win32
		{49A9B594-B9C6-42CB-8AE3-CDA2511123D2}.Debug|Win32.ActiveCfg = Debug|Win32
		{49A9B594-B9C6-42CB-8AE3-CDA2511123D2}.Debug|Win32.Build.0 = Debug|Win32
		{49A9B594-B9C6-42CB-8AE3-CDA2511123D2}.Release|Win32.ActiveCfg = Release|Win32
		{49A9B594-B9C6-42CB-8AE3-CDA2511123D2}.Release|Win32.Build.0 = Release|Win32
	EndGlobalSection
	GlobalSection(SolutionProperties) = preSolution
		HideSolutionNode = FALSE
	EndGlobalSection
EndGlobal
